
Microsoft Visual Studio Solution File, Format Version 12.00
# Visual Studio Version 17
VisualStudioVersion = 17.5.33516.290
MinimumVisualStudioVersion = 10.0.40219.1
Project("{FAE04EC0-301F-11D3-BF4B-00C04F79EFBC}") = "BasicAuth", "BasicAuth\BasicAuth.csproj", "{B67B945D-BAED-4BDA-ACE1-10A2DCE5917F}"
EndProject
Global
	GlobalSection(SolutionConfigurationPlatforms) = preSolution
		Debug|Any CPU = Debug|Any CPU
		Release|Any CPU = Release|Any CPU
	EndGlobalSection
	GlobalSection(ProjectConfigurationPlatforms) = postSolution
		{B67B945D-BAED-4BDA-ACE1-10A2DCE5917F}.Debug|Any CPU.ActiveCfg = Debug|Any CPU
		{B67B945D-BAED-4BDA-ACE1-10A2DCE5917F}.Debug|Any CPU.Build.0 = Debug|Any CPU
		{B67B945D-BAED-4BDA-ACE1-10A2DCE5917F}.Release|Any CPU.ActiveCfg = Release|Any CPU
		{B67B945D-BAED-4BDA-ACE1-10A2DCE5917F}.Release|Any CPU.Build.0 = Release|Any CPU
	EndGlobalSection
	GlobalSection(SolutionProperties) = preSolution
		HideSolutionNode = FALSE
	EndGlobalSection
	GlobalSection(ExtensibilityGlobals) = postSolution
		SolutionGuid = {4BA4108D-79BB-4749-984C-D9F7BF0DC20B}
	EndGlobalSection
EndGlobal
